{
  "name": "portifolio",
  "lockfileVersion": 3,
  "requires": true,
  "packages": {
    "": {
      "dependencies": {
        "@emailjs/browser": "^4.3.3",
        "dotenv": "^16.4.5"
      }
    },
    "node_modules/@emailjs/browser": {
      "version": "4.3.3",
      "resolved": "https://registry.npmjs.org/@emailjs/browser/-/browser-4.3.3.tgz",
      "integrity": "sha512-ltpt2S/WVREIBXptxYAVYBvXb2O6yTUYiRUWF8OLikMxlmiGsIgKpgHppikNd4Df0uAav7jCsQKcOJ3TJFUx5g==",
      "license": "BSD-3-Clause",
      "engines": {
        "node": ">=14.0.0"
      }
    },
    "node_modules/dotenv": {
      "version": "16.4.5",
      "resolved": "https://registry.npmjs.org/dotenv/-/dotenv-16.4.5.tgz",
      "integrity": "sha512-ZmdL2rui+eB2YwhsWzjInR8LldtZHGDoQ1ugH85ppHKwpUHL7j7rN0Ti9NCnGiQbhaZ11FpR+7ao1dNsmduNUg==",
      "license": "BSD-2-Clause",
      "engines": {
        "node": ">=12"
      },
      "funding": {
        "url": "https://dotenvx.com"
      }
    }
  }
}
